
Microsoft Visual Studio Solution File, Format Version 12.00
# Visual Studio Version 17
VisualStudioVersion = 17.0.31903.59
MinimumVisualStudioVersion = 10.0.40219.1
Project("{2150E333-8FDC-42A3-9474-1A3956D46DE8}") = "src", "src", "{429B37E6-C016-440B-8C3A-DE0E7B707ABE}"
EndProject
Project("{FAE04EC0-301F-11D3-BF4B-00C04F79EFBC}") = "AspNetCoreWebApiSelfContained", "src\AspNetCoreWebApiSelfContained\AspNetCoreWebApiSelfContained.csproj", "{1EFFF35E-AF2C-44F9-9349-BA69FA6F5DD7}"
EndProject
Global
	GlobalSection(SolutionConfigurationPlatforms) = preSolution
		Debug|Any CPU = Debug|Any CPU
		Release|Any CPU = Release|Any CPU
	EndGlobalSection
	GlobalSection(SolutionProperties) = preSolution
		HideSolutionNode = FALSE
	EndGlobalSection
	GlobalSection(NestedProjects) = preSolution
		{1EFFF35E-AF2C-44F9-9349-BA69FA6F5DD7} = {429B37E6-C016-440B-8C3A-DE0E7B707ABE}
	EndGlobalSection
	GlobalSection(ProjectConfigurationPlatforms) = postSolution
		{1EFFF35E-AF2C-44F9-9349-BA69FA6F5DD7}.Debug|Any CPU.ActiveCfg = Debug|Any CPU
		{1EFFF35E-AF2C-44F9-9349-BA69FA6F5DD7}.Debug|Any CPU.Build.0 = Debug|Any CPU
		{1EFFF35E-AF2C-44F9-9349-BA69FA6F5DD7}.Release|Any CPU.ActiveCfg = Release|Any CPU
		{1EFFF35E-AF2C-44F9-9349-BA69FA6F5DD7}.Release|Any CPU.Build.0 = Release|Any CPU
	EndGlobalSection
EndGlobal
